{
  "name": "leitor",
  "lockfileVersion": 3,
  "requires": true,
  "packages": {
    "": {
      "dependencies": {
        "async": "^3.2.5",
        "pdf-text": "^0.4.0",
        "underscore": "^1.13.6",
        "xmldom": "^0.6.0"
      }
    },
    "node_modules/async": {
      "version": "3.2.5",
      "resolved": "https://registry.npmjs.org/async/-/async-3.2.5.tgz",
      "integrity": "sha512-baNZyqaaLhyLVKm/DlvdW051MSgO6b8eVfIezl9E5PqWxFgzLm/wQntEW4zOytVburDEr0JlALEpdOFwvErLsg=="
    },
    "node_modules/lodash": {
      "version": "2.3.0",
      "resolved": "https://registry.npmjs.org/lodash/-/lodash-2.3.0.tgz",
      "integrity": "sha512-1cKXXnLDXhXBP8H1ZECyE1znMFLUjMiV9WrVx6/Mi8Ocm/wwjuhWNpLFefQdv05+uMtIAdOVPnG3SFxcOUZzBw==",
      "engines": [
        "node",
        "rhino"
      ]
    },
    "node_modules/pdf-text": {
      "version": "0.4.0",
      "resolved": "https://registry.npmjs.org/pdf-text/-/pdf-text-0.4.0.tgz",
      "integrity": "sha512-qvCYjS+r0mldvg8lF/84OWkV4047i41zT2Ijjv6qru6VIXHt/fRxO8D1FA3P3Q/Dvi+pE210BZid0rpPSn2TMg==",
      "dependencies": {
        "lodash": "~2.3.0",
        "pdf3json": "0.2.0"
      }
    },
    "node_modules/pdf3json": {
      "version": "0.2.0",
      "resolved": "https://registry.npmjs.org/pdf3json/-/pdf3json-0.2.0.tgz",
      "integrity": "sha512-YsrXTq4jMNP4rK4/fBharwoMswrqoQvs9AZybX5pyiw6LCNbK1K318maF7J28DjND27FbdR3huMN4E3NEShGPQ==",
      "bundleDependencies": [
        "xmldom",
        "underscore",
        "optimist",
        "async"
      ],
      "dependencies": {
        "async": ">=0.2.6",
        "optimist": ">=0.3.5",
        "underscore": ">=1.4.2",
        "xmldom": ">=0.1.13"
      },
      "bin": {
        "pdf2json": "bin/pdf2json"
      },
      "engines": {
        "node": ">=0.8"
      }
    },
    "node_modules/underscore": {
      "version": "1.13.6",
      "resolved": "https://registry.npmjs.org/underscore/-/underscore-1.13.6.tgz",
      "integrity": "sha512-+A5Sja4HP1M08MaXya7p5LvjuM7K6q/2EaC0+iovj/wOcMsTzMvDFbasi/oSapiwOlt252IqsKqPjCl7huKS0A=="
    },
    "node_modules/xmldom": {
      "version": "0.6.0",
      "resolved": "https://registry.npmjs.org/xmldom/-/xmldom-0.6.0.tgz",
      "integrity": "sha512-iAcin401y58LckRZ0TkI4k0VSM1Qg0KGSc3i8rU+xrxe19A/BN1zHyVSJY7uoutVlaTSzYyk/v5AmkewAP7jtg==",
      "engines": {
        "node": ">=10.0.0"
      }
    }
  }
}
